" Generated by vim-plug
" Tue Jun  8 14:16:47 2021
" :source this file in vim to restore the snapshot
" or execute: vim -S snapshot.vim

silent! let g:plugs['YankRing.vim'].commit = '28854ab'
silent! let g:plugs['ack.vim'].commit = '36e40f9'
silent! let g:plugs['auto-pairs'].commit = '39f06b8'
silent! let g:plugs['camelcasemotion'].commit = '8db17bd'
silent! let g:plugs['coc.nvim'].commit = '898335d'
silent! let g:plugs['ctrlp.vim'].commit = 'f68f4d0'
silent! let g:plugs['emmet-vim'].commit = '46e6067'
silent! let g:plugs['matchit'].commit = '060d9d8'
silent! let g:plugs['omnisharp-vim'].commit = '42992af'
silent! let g:plugs['quickfix-reflector.vim'].commit = '8e9c05a'
silent! let g:plugs['supertab'].commit = 'f0093ae'
silent! let g:plugs['undotree'].commit = '1cc3b90'
silent! let g:plugs['vim-abolish'].commit = '3f0c8fa'
silent! let g:plugs['vim-colors-solarized'].commit = '8afc402'
silent! let g:plugs['vim-commentary'].commit = '349340d'
silent! let g:plugs['vim-easy-align'].commit = '12dd631'
silent! let g:plugs['vim-endwise'].commit = '4289889'
silent! let g:plugs['vim-extract-variable'].commit = 'f684377'
silent! let g:plugs['vim-localvimrc'].commit = '0206f5f'
silent! let g:plugs['vim-polyglot'].commit = 'c312d302'
silent! let g:plugs['vim-surround'].commit = 'f51a26d'
silent! let g:plugs['vim-togglecursor'].commit = 'd600bd9'
silent! let g:plugs['vimproc.vim'].commit = '8f40d86'

PlugUpdate!

