" Generated by vim-plug
" Thu Jan 26 07:13:16 2023
" :source this file in vim to restore the snapshot
" or execute: vim -S snapshot.vim

silent! let g:plugs['YankRing.vim'].commit = '28854abef8fa4ebd3cb219aefcf22566997d8f65'
silent! let g:plugs['ack.vim'].commit = '36e40f9ec91bdbf6f1adf408522a73a6925c3042'
silent! let g:plugs['auto-pairs'].commit = '39f06b873a8449af8ff6a3eee716d3da14d63a76'
silent! let g:plugs['camelcasemotion'].commit = '8db17bdee3f42bd71839ead2a84b2ee1916e45c2'
silent! let g:plugs['coc.nvim'].commit = 'd0fa7acd233d76585daf9ce0b74ad1112591e271'
silent! let g:plugs['copilot.vim'].commit = '8ba151a20bc1d7a5c72e592e51bfc925d5bbb837'
silent! let g:plugs['ctrlp.vim'].commit = '8b4a9523632049b3b373de1233bef346073b8982'
silent! let g:plugs['emmet-vim'].commit = 'def5d57a1ae5afb1b96ebe83c4652d1c03640f4d'
silent! let g:plugs['matchit'].commit = '060d9d8aa381d6a650b649d38c992b59db3ed1a3'
silent! let g:plugs['omnisharp-vim'].commit = '7e88f137ad7b74b0beb7034e592bcd07922be5e8'
silent! let g:plugs['quickfix-reflector.vim'].commit = '6a6a9e28e1713b9e9db99eec1e6672e5666c01b9'
silent! let g:plugs['supertab'].commit = 'f0093ae12a9115498f887199809a6114659fc858'
silent! let g:plugs['undotree'].commit = 'bd60cb564e3c3220b35293679669bb77af5f389d'
silent! let g:plugs['vim-abolish'].commit = '3f0c8faadf0c5b68bcf40785c1c42e3731bfa522'
silent! let g:plugs['vim-colors-solarized'].commit = '96b891ec20cd706c68cb7809131f85668b9658cf'
silent! let g:plugs['vim-commentary'].commit = '3654775824337f466109f00eaf6759760f65be34'
silent! let g:plugs['vim-endwise'].commit = '4e5c8358d751625bb040b187b9fe430c2b769f0a'
silent! let g:plugs['vim-extract-variable'].commit = 'cc5d6d1da62994b35e301cce9e28214f1e78e369'
silent! let g:plugs['vim-localvimrc'].commit = '244a92ceae63b8c23a74022eaf205b431745fcb6'
silent! let g:plugs['vim-polyglot'].commit = '38282d58387cff48ac203f6912c05e4c8686141b'
silent! let g:plugs['vim-signify'].commit = '8bc268c79d4053c2f5ccaadcf0b666dd16ed3a58'
silent! let g:plugs['vim-surround'].commit = 'bf3480dc9ae7bea34c78fbba4c65b4548b5b1fea'
silent! let g:plugs['vim-togglecursor'].commit = 'd600bd99b6c90a3e4d376759e26d575ec509346d'
silent! let g:plugs['vimproc.vim'].commit = '3ba46c01109bc590c6740c1133f53584751924b2'

PlugUpdate!

